
Microsoft Visual Studio Solution File, Format Version 12.00
# Visual Studio Version 16
VisualStudioVersion = 16.0.30611.23
MinimumVisualStudioVersion = 10.0.40219.1
Project("{9A19103F-16F7-4668-BE54-9A1E7A4F7556}") = "DataAccess", "DataAccess\DataAccess.csproj", "{A6635EF5-A22C-462F-B59B-BA07D9C17A43}"
EndProject
Project("{9A19103F-16F7-4668-BE54-9A1E7A4F7556}") = "Business", "Business\Business.csproj", "{AF2EBA02-E961-4AB1-AFBD-EB58C0F63196}"
EndProject
Project("{9A19103F-16F7-4668-BE54-9A1E7A4F7556}") = "Entities", "Entities\Entities.csproj", "{8E1A17EE-511E-4765-A428-B0751159C3B7}"
EndProject
Project("{9A19103F-16F7-4668-BE54-9A1E7A4F7556}") = "ConsoleUI", "ConsoleUI\ConsoleUI.csproj", "{97C95A0F-896C-4966-85C2-FDB80CCF558D}"
EndProject
Project("{FAE04EC0-301F-11D3-BF4B-00C04F79EFBC}") = "Core", "Core\Core.csproj", "{8FA61F97-A5FB-4083-8A1F-B25BC2BC04FF}"
EndProject
Global
	GlobalSection(SolutionConfigurationPlatforms) = preSolution
		Debug|Any CPU = Debug|Any CPU
		Release|Any CPU = Release|Any CPU
	EndGlobalSection
	GlobalSection(ProjectConfigurationPlatforms) = postSolution
		{A6635EF5-A22C-462F-B59B-BA07D9C17A43}.Debug|Any CPU.ActiveCfg = Debug|Any CPU
		{A6635EF5-A22C-462F-B59B-BA07D9C17A43}.Debug|Any CPU.Build.0 = Debug|Any CPU
		{A6635EF5-A22C-462F-B59B-BA07D9C17A43}.Release|Any CPU.ActiveCfg = Release|Any CPU
		{A6635EF5-A22C-462F-B59B-BA07D9C17A43}.Release|Any CPU.Build.0 = Release|Any CPU
		{AF2EBA02-E961-4AB1-AFBD-EB58C0F63196}.Debug|Any CPU.ActiveCfg = Debug|Any CPU
		{AF2EBA02-E961-4AB1-AFBD-EB58C0F63196}.Debug|Any CPU.Build.0 = Debug|Any CPU
		{AF2EBA02-E961-4AB1-AFBD-EB58C0F63196}.Release|Any CPU.ActiveCfg = Release|Any CPU
		{AF2EBA02-E961-4AB1-AFBD-EB58C0F63196}.Release|Any CPU.Build.0 = Release|Any CPU
		{8E1A17EE-511E-4765-A428-B0751159C3B7}.Debug|Any CPU.ActiveCfg = Debug|Any CPU
		{8E1A17EE-511E-4765-A428-B0751159C3B7}.Debug|Any CPU.Build.0 = Debug|Any CPU
		{8E1A17EE-511E-4765-A428-B0751159C3B7}.Release|Any CPU.ActiveCfg = Release|Any CPU
		{8E1A17EE-511E-4765-A428-B0751159C3B7}.Release|Any CPU.Build.0 = Release|Any CPU
		{97C95A0F-896C-4966-85C2-FDB80CCF558D}.Debug|Any CPU.ActiveCfg = Debug|Any CPU
		{97C95A0F-896C-4966-85C2-FDB80CCF558D}.Debug|Any CPU.Build.0 = Debug|Any CPU
		{97C95A0F-896C-4966-85C2-FDB80CCF558D}.Release|Any CPU.ActiveCfg = Release|Any CPU
		{97C95A0F-896C-4966-85C2-FDB80CCF558D}.Release|Any CPU.Build.0 = Release|Any CPU
		{8FA61F97-A5FB-4083-8A1F-B25BC2BC04FF}.Debug|Any CPU.ActiveCfg = Debug|Any CPU
		{8FA61F97-A5FB-4083-8A1F-B25BC2BC04FF}.Debug|Any CPU.Build.0 = Debug|Any CPU
		{8FA61F97-A5FB-4083-8A1F-B25BC2BC04FF}.Release|Any CPU.ActiveCfg = Release|Any CPU
		{8FA61F97-A5FB-4083-8A1F-B25BC2BC04FF}.Release|Any CPU.Build.0 = Release|Any CPU
	EndGlobalSection
	GlobalSection(SolutionProperties) = preSolution
		HideSolutionNode = FALSE
	EndGlobalSection
	GlobalSection(ExtensibilityGlobals) = postSolution
		SolutionGuid = {76326649-0A80-4051-AE22-BF797CCE16A8}
	EndGlobalSection
EndGlobal
